
Microsoft Visual Studio Solution File, Format Version 12.00
# Visual Studio Version 16
VisualStudioVersion = 16.0.31424.327
MinimumVisualStudioVersion = 10.0.40219.1
Project("{FAE04EC0-301F-11D3-BF4B-00C04F79EFBC}") = "MvcProjeKampi", "MvcProjeKampi\MvcProjeKampi.csproj", "{8C40005B-0E40-471D-A75B-347A64C554AC}"
EndProject
Project("{FAE04EC0-301F-11D3-BF4B-00C04F79EFBC}") = "EntityLayer", "EntityLayer\EntityLayer.csproj", "{5CE85946-CD5A-484B-929F-9C694319F850}"
EndProject
Project("{FAE04EC0-301F-11D3-BF4B-00C04F79EFBC}") = "DataAccessLayer", "DataAccessLayer\DataAccessLayer.csproj", "{F2C74EF2-ACDB-48E3-80C8-6A81C1FCECA1}"
EndProject
Project("{FAE04EC0-301F-11D3-BF4B-00C04F79EFBC}") = "BusinessLayer", "BusinessLayer\BusinessLayer.csproj", "{D855A6A9-3EB3-43FC-9D81-109516A74532}"
EndProject
Global
	GlobalSection(SolutionConfigurationPlatforms) = preSolution
		Debug|Any CPU = Debug|Any CPU
		Release|Any CPU = Release|Any CPU
	EndGlobalSection
	GlobalSection(ProjectConfigurationPlatforms) = postSolution
		{8C40005B-0E40-471D-A75B-347A64C554AC}.Debug|Any CPU.ActiveCfg = Debug|Any CPU
		{8C40005B-0E40-471D-A75B-347A64C554AC}.Debug|Any CPU.Build.0 = Debug|Any CPU
		{8C40005B-0E40-471D-A75B-347A64C554AC}.Release|Any CPU.ActiveCfg = Release|Any CPU
		{8C40005B-0E40-471D-A75B-347A64C554AC}.Release|Any CPU.Build.0 = Release|Any CPU
		{5CE85946-CD5A-484B-929F-9C694319F850}.Debug|Any CPU.ActiveCfg = Debug|Any CPU
		{5CE85946-CD5A-484B-929F-9C694319F850}.Debug|Any CPU.Build.0 = Debug|Any CPU
		{5CE85946-CD5A-484B-929F-9C694319F850}.Release|Any CPU.ActiveCfg = Release|Any CPU
		{5CE85946-CD5A-484B-929F-9C694319F850}.Release|Any CPU.Build.0 = Release|Any CPU
		{F2C74EF2-ACDB-48E3-80C8-6A81C1FCECA1}.Debug|Any CPU.ActiveCfg = Debug|Any CPU
		{F2C74EF2-ACDB-48E3-80C8-6A81C1FCECA1}.Debug|Any CPU.Build.0 = Debug|Any CPU
		{F2C74EF2-ACDB-48E3-80C8-6A81C1FCECA1}.Release|Any CPU.ActiveCfg = Release|Any CPU
		{F2C74EF2-ACDB-48E3-80C8-6A81C1FCECA1}.Release|Any CPU.Build.0 = Release|Any CPU
		{D855A6A9-3EB3-43FC-9D81-109516A74532}.Debug|Any CPU.ActiveCfg = Debug|Any CPU
		{D855A6A9-3EB3-43FC-9D81-109516A74532}.Debug|Any CPU.Build.0 = Debug|Any CPU
		{D855A6A9-3EB3-43FC-9D81-109516A74532}.Release|Any CPU.ActiveCfg = Release|Any CPU
		{D855A6A9-3EB3-43FC-9D81-109516A74532}.Release|Any CPU.Build.0 = Release|Any CPU
	EndGlobalSection
	GlobalSection(SolutionProperties) = preSolution
		HideSolutionNode = FALSE
	EndGlobalSection
	GlobalSection(ExtensibilityGlobals) = postSolution
		SolutionGuid = {DF8A9FE8-3803-4C33-80CC-2AC4251A7B40}
	EndGlobalSection
EndGlobal
